
Microsoft Visual Studio Solution File, Format Version 12.00
# Visual Studio Version 16
VisualStudioVersion = 16.0.30011.22
MinimumVisualStudioVersion = 10.0.40219.1
Project("{FAE04EC0-301F-11D3-BF4B-00C04F79EFBC}") = "startree", "startree\startree.csproj", "{27604ECD-D0B0-44AA-80D9-2E5FF5EBDBFB}"
EndProject
Global
	GlobalSection(SolutionConfigurationPlatforms) = preSolution
		Debug|Any CPU = Debug|Any CPU
		Release|Any CPU = Release|Any CPU
	EndGlobalSection
	GlobalSection(ProjectConfigurationPlatforms) = postSolution
		{27604ECD-D0B0-44AA-80D9-2E5FF5EBDBFB}.Debug|Any CPU.ActiveCfg = Debug|Any CPU
		{27604ECD-D0B0-44AA-80D9-2E5FF5EBDBFB}.Debug|Any CPU.Build.0 = Debug|Any CPU
		{27604ECD-D0B0-44AA-80D9-2E5FF5EBDBFB}.Release|Any CPU.ActiveCfg = Release|Any CPU
		{27604ECD-D0B0-44AA-80D9-2E5FF5EBDBFB}.Release|Any CPU.Build.0 = Release|Any CPU
	EndGlobalSection
	GlobalSection(SolutionProperties) = preSolution
		HideSolutionNode = FALSE
	EndGlobalSection
	GlobalSection(ExtensibilityGlobals) = postSolution
		SolutionGuid = {2BB384AC-BF34-4F84-947D-A950BA49035D}
	EndGlobalSection
EndGlobal
